
Microsoft Visual Studio Solution File, Format Version 12.00
# Visual Studio 15
VisualStudioVersion = 15.0.28307.1169
MinimumVisualStudioVersion = 10.0.40219.1
Project("{FAE04EC0-301F-11D3-BF4B-00C04F79EFBC}") = "MyWebView.Android", "MyWebView\MyWebView.Android\MyWebView.Android.csproj", "{FDEA5CB9-0680-4EF3-B77A-77DD21710561}"
EndProject
Project("{FAE04EC0-301F-11D3-BF4B-00C04F79EFBC}") = "MyWebView.iOS", "MyWebView\MyWebView.iOS\MyWebView.iOS.csproj", "{9269AAEF-1AF0-4141-B668-0FB020A3E137}"
EndProject
Project("{FAE04EC0-301F-11D3-BF4B-00C04F79EFBC}") = "MyWebView", "MyWebView\MyWebView\MyWebView.csproj", "{904D9BF4-C965-4382-9618-8E094B660C88}"
EndProject
Global
	GlobalSection(SolutionConfigurationPlatforms) = preSolution
		Ad-Hoc|Any CPU = Ad-Hoc|Any CPU
		Ad-Hoc|iPhone = Ad-Hoc|iPhone
		Ad-Hoc|iPhoneSimulator = Ad-Hoc|iPhoneSimulator
		AppStore|Any CPU = AppStore|Any CPU
		AppStore|iPhone = AppStore|iPhone
		AppStore|iPhoneSimulator = AppStore|iPhoneSimulator
		Debug|Any CPU = Debug|Any CPU
		Debug|iPhone = Debug|iPhone
		Debug|iPhoneSimulator = Debug|iPhoneSimulator
		Release|Any CPU = Release|Any CPU
		Release|iPhone = Release|iPhone
		Release|iPhoneSimulator = Release|iPhoneSimulator
	EndGlobalSection
	GlobalSection(ProjectConfigurationPlatforms) = postSolution
		{FDEA5CB9-0680-4EF3-B77A-77DD21710561}.Ad-Hoc|Any CPU.ActiveCfg = Release|Any CPU
		{FDEA5CB9-0680-4EF3-B77A-77DD21710561}.Ad-Hoc|Any CPU.Build.0 = Release|Any CPU
		{FDEA5CB9-0680-4EF3-B77A-77DD21710561}.Ad-Hoc|Any CPU.Deploy.0 = Release|Any CPU
		{FDEA5CB9-0680-4EF3-B77A-77DD21710561}.Ad-Hoc|iPhone.ActiveCfg = Release|Any CPU
		{FDEA5CB9-0680-4EF3-B77A-77DD21710561}.Ad-Hoc|iPhone.Build.0 = Release|Any CPU
		{FDEA5CB9-0680-4EF3-B77A-77DD21710561}.Ad-Hoc|iPhone.Deploy.0 = Release|Any CPU
		{FDEA5CB9-0680-4EF3-B77A-77DD21710561}.Ad-Hoc|iPhoneSimulator.ActiveCfg = Release|Any CPU
		{FDEA5CB9-0680-4EF3-B77A-77DD21710561}.Ad-Hoc|iPhoneSimulator.Build.0 = Release|Any CPU
		{FDEA5CB9-0680-4EF3-B77A-77DD21710561}.Ad-Hoc|iPhoneSimulator.Deploy.0 = Release|Any CPU
		{FDEA5CB9-0680-4EF3-B77A-77DD21710561}.AppStore|Any CPU.ActiveCfg = Release|Any CPU
		{FDEA5CB9-0680-4EF3-B77A-77DD21710561}.AppStore|Any CPU.Build.0 = Release|Any CPU
		{FDEA5CB9-0680-4EF3-B77A-77DD21710561}.AppStore|Any CPU.Deploy.0 = Release|Any CPU
		{FDEA5CB9-0680-4EF3-B77A-77DD21710561}.AppStore|iPhone.ActiveCfg = Release|Any CPU
		{FDEA5CB9-0680-4EF3-B77A-77DD21710561}.AppStore|iPhone.Build.0 = Release|Any CPU
		{FDEA5CB9-0680-4EF3-B77A-77DD21710561}.AppStore|iPhone.Deploy.0 = Release|Any CPU
		{FDEA5CB9-0680-4EF3-B77A-77DD21710561}.AppStore|iPhoneSimulator.ActiveCfg = Release|Any CPU
		{FDEA5CB9-0680-4EF3-B77A-77DD21710561}.AppStore|iPhoneSimulator.Build.0 = Release|Any CPU
		{FDEA5CB9-0680-4EF3-B77A-77DD21710561}.AppStore|iPhoneSimulator.Deploy.0 = Release|Any CPU
		{FDEA5CB9-0680-4EF3-B77A-77DD21710561}.Debug|Any CPU.ActiveCfg = Debug|Any CPU
		{FDEA5CB9-0680-4EF3-B77A-77DD21710561}.Debug|Any CPU.Build.0 = Debug|Any CPU
		{FDEA5CB9-0680-4EF3-B77A-77DD21710561}.Debug|Any CPU.Deploy.0 = Debug|Any CPU
		{FDEA5CB9-0680-4EF3-B77A-77DD21710561}.Debug|iPhone.ActiveCfg = Debug|Any CPU
		{FDEA5CB9-0680-4EF3-B77A-77DD21710561}.Debug|iPhone.Build.0 = Debug|Any CPU
		{FDEA5CB9-0680-4EF3-B77A-77DD21710561}.Debug|iPhone.Deploy.0 = Debug|Any CPU
		{FDEA5CB9-0680-4EF3-B77A-77DD21710561}.Debug|iPhoneSimulator.ActiveCfg = Debug|Any CPU
		{FDEA5CB9-0680-4EF3-B77A-77DD21710561}.Debug|iPhoneSimulator.Build.0 = Debug|Any CPU
		{FDEA5CB9-0680-4EF3-B77A-77DD21710561}.Debug|iPhoneSimulator.Deploy.0 = Debug|Any CPU
		{FDEA5CB9-0680-4EF3-B77A-77DD21710561}.Release|Any CPU.ActiveCfg = Release|Any CPU
		{FDEA5CB9-0680-4EF3-B77A-77DD21710561}.Release|Any CPU.Build.0 = Release|Any CPU
		{FDEA5CB9-0680-4EF3-B77A-77DD21710561}.Release|Any CPU.Deploy.0 = Release|Any CPU
		{FDEA5CB9-0680-4EF3-B77A-77DD21710561}.Release|iPhone.ActiveCfg = Release|Any CPU
		{FDEA5CB9-0680-4EF3-B77A-77DD21710561}.Release|iPhone.Build.0 = Release|Any CPU
		{FDEA5CB9-0680-4EF3-B77A-77DD21710561}.Release|iPhone.Deploy.0 = Release|Any CPU
		{FDEA5CB9-0680-4EF3-B77A-77DD21710561}.Release|iPhoneSimulator.ActiveCfg = Release|Any CPU
		{FDEA5CB9-0680-4EF3-B77A-77DD21710561}.Release|iPhoneSimulator.Build.0 = Release|Any CPU
		{FDEA5CB9-0680-4EF3-B77A-77DD21710561}.Release|iPhoneSimulator.Deploy.0 = Release|Any CPU
		{9269AAEF-1AF0-4141-B668-0FB020A3E137}.Ad-Hoc|Any CPU.ActiveCfg = Ad-Hoc|iPhone
		{9269AAEF-1AF0-4141-B668-0FB020A3E137}.Ad-Hoc|Any CPU.Build.0 = Ad-Hoc|iPhone
		{9269AAEF-1AF0-4141-B668-0FB020A3E137}.Ad-Hoc|Any CPU.Deploy.0 = Ad-Hoc|iPhone
		{9269AAEF-1AF0-4141-B668-0FB020A3E137}.Ad-Hoc|iPhone.ActiveCfg = Ad-Hoc|iPhone
		{9269AAEF-1AF0-4141-B668-0FB020A3E137}.Ad-Hoc|iPhone.Build.0 = Ad-Hoc|iPhone
		{9269AAEF-1AF0-4141-B668-0FB020A3E137}.Ad-Hoc|iPhone.Deploy.0 = Ad-Hoc|iPhone
		{9269AAEF-1AF0-4141-B668-0FB020A3E137}.Ad-Hoc|iPhoneSimulator.ActiveCfg = Ad-Hoc|iPhoneSimulator
		{9269AAEF-1AF0-4141-B668-0FB020A3E137}.Ad-Hoc|iPhoneSimulator.Build.0 = Ad-Hoc|iPhoneSimulator
		{9269AAEF-1AF0-4141-B668-0FB020A3E137}.Ad-Hoc|iPhoneSimulator.Deploy.0 = Ad-Hoc|iPhoneSimulator
		{9269AAEF-1AF0-4141-B668-0FB020A3E137}.AppStore|Any CPU.ActiveCfg = AppStore|iPhone
		{9269AAEF-1AF0-4141-B668-0FB020A3E137}.AppStore|Any CPU.Build.0 = AppStore|iPhone
		{9269AAEF-1AF0-4141-B668-0FB020A3E137}.AppStore|Any CPU.Deploy.0 = AppStore|iPhone
		{9269AAEF-1AF0-4141-B668-0FB020A3E137}.AppStore|iPhone.ActiveCfg = AppStore|iPhone
		{9269AAEF-1AF0-4141-B668-0FB020A3E137}.AppStore|iPhone.Build.0 = AppStore|iPhone
		{9269AAEF-1AF0-4141-B668-0FB020A3E137}.AppStore|iPhone.Deploy.0 = AppStore|iPhone
		{9269AAEF-1AF0-4141-B668-0FB020A3E137}.AppStore|iPhoneSimulator.ActiveCfg = AppStore|iPhoneSimulator
		{9269AAEF-1AF0-4141-B668-0FB020A3E137}.AppStore|iPhoneSimulator.Build.0 = AppStore|iPhoneSimulator
		{9269AAEF-1AF0-4141-B668-0FB020A3E137}.AppStore|iPhoneSimulator.Deploy.0 = AppStore|iPhoneSimulator
		{9269AAEF-1AF0-4141-B668-0FB020A3E137}.Debug|Any CPU.ActiveCfg = Debug|iPhoneSimulator
		{9269AAEF-1AF0-4141-B668-0FB020A3E137}.Debug|Any CPU.Build.0 = Debug|iPhoneSimulator
		{9269AAEF-1AF0-4141-B668-0FB020A3E137}.Debug|Any CPU.Deploy.0 = Debug|iPhoneSimulator
		{9269AAEF-1AF0-4141-B668-0FB020A3E137}.Debug|iPhone.ActiveCfg = Debug|iPhone
		{9269AAEF-1AF0-4141-B668-0FB020A3E137}.Debug|iPhone.Build.0 = Debug|iPhone
		{9269AAEF-1AF0-4141-B668-0FB020A3E137}.Debug|iPhone.Deploy.0 = Debug|iPhone
		{9269AAEF-1AF0-4141-B668-0FB020A3E137}.Debug|iPhoneSimulator.ActiveCfg = Debug|iPhoneSimulator
		{9269AAEF-1AF0-4141-B668-0FB020A3E137}.Debug|iPhoneSimulator.Build.0 = Debug|iPhoneSimulator
		{9269AAEF-1AF0-4141-B668-0FB020A3E137}.Debug|iPhoneSimulator.Deploy.0 = Debug|iPhoneSimulator
		{9269AAEF-1AF0-4141-B668-0FB020A3E137}.Release|Any CPU.ActiveCfg = Release|iPhone
		{9269AAEF-1AF0-4141-B668-0FB020A3E137}.Release|Any CPU.Build.0 = Release|iPhone
		{9269AAEF-1AF0-4141-B668-0FB020A3E137}.Release|Any CPU.Deploy.0 = Release|iPhone
		{9269AAEF-1AF0-4141-B668-0FB020A3E137}.Release|iPhone.ActiveCfg = Release|iPhone
		{9269AAEF-1AF0-4141-B668-0FB020A3E137}.Release|iPhone.Build.0 = Release|iPhone
		{9269AAEF-1AF0-4141-B668-0FB020A3E137}.Release|iPhone.Deploy.0 = Release|iPhone
		{9269AAEF-1AF0-4141-B668-0FB020A3E137}.Release|iPhoneSimulator.ActiveCfg = Release|iPhoneSimulator
		{9269AAEF-1AF0-4141-B668-0FB020A3E137}.Release|iPhoneSimulator.Build.0 = Release|iPhoneSimulator
		{9269AAEF-1AF0-4141-B668-0FB020A3E137}.Release|iPhoneSimulator.Deploy.0 = Release|iPhoneSimulator
		{904D9BF4-C965-4382-9618-8E094B660C88}.Ad-Hoc|Any CPU.ActiveCfg = Debug|Any CPU
		{904D9BF4-C965-4382-9618-8E094B660C88}.Ad-Hoc|Any CPU.Build.0 = Debug|Any CPU
		{904D9BF4-C965-4382-9618-8E094B660C88}.Ad-Hoc|Any CPU.Deploy.0 = Debug|Any CPU
		{904D9BF4-C965-4382-9618-8E094B660C88}.Ad-Hoc|iPhone.ActiveCfg = Debug|Any CPU
		{904D9BF4-C965-4382-9618-8E094B660C88}.Ad-Hoc|iPhone.Build.0 = Debug|Any CPU
		{904D9BF4-C965-4382-9618-8E094B660C88}.Ad-Hoc|iPhone.Deploy.0 = Debug|Any CPU
		{904D9BF4-C965-4382-9618-8E094B660C88}.Ad-Hoc|iPhoneSimulator.ActiveCfg = Debug|Any CPU
		{904D9BF4-C965-4382-9618-8E094B660C88}.Ad-Hoc|iPhoneSimulator.Build.0 = Debug|Any CPU
		{904D9BF4-C965-4382-9618-8E094B660C88}.Ad-Hoc|iPhoneSimulator.Deploy.0 = Debug|Any CPU
		{904D9BF4-C965-4382-9618-8E094B660C88}.AppStore|Any CPU.ActiveCfg = Debug|Any CPU
		{904D9BF4-C965-4382-9618-8E094B660C88}.AppStore|Any CPU.Build.0 = Debug|Any CPU
		{904D9BF4-C965-4382-9618-8E094B660C88}.AppStore|Any CPU.Deploy.0 = Debug|Any CPU
		{904D9BF4-C965-4382-9618-8E094B660C88}.AppStore|iPhone.ActiveCfg = Debug|Any CPU
		{904D9BF4-C965-4382-9618-8E094B660C88}.AppStore|iPhone.Build.0 = Debug|Any CPU
		{904D9BF4-C965-4382-9618-8E094B660C88}.AppStore|iPhone.Deploy.0 = Debug|Any CPU
		{904D9BF4-C965-4382-9618-8E094B660C88}.AppStore|iPhoneSimulator.ActiveCfg = Debug|Any CPU
		{904D9BF4-C965-4382-9618-8E094B660C88}.AppStore|iPhoneSimulator.Build.0 = Debug|Any CPU
		{904D9BF4-C965-4382-9618-8E094B660C88}.AppStore|iPhoneSimulator.Deploy.0 = Debug|Any CPU
		{904D9BF4-C965-4382-9618-8E094B660C88}.Debug|Any CPU.ActiveCfg = Debug|Any CPU
		{904D9BF4-C965-4382-9618-8E094B660C88}.Debug|Any CPU.Build.0 = Debug|Any CPU
		{904D9BF4-C965-4382-9618-8E094B660C88}.Debug|Any CPU.Deploy.0 = Debug|Any CPU
		{904D9BF4-C965-4382-9618-8E094B660C88}.Debug|iPhone.ActiveCfg = Debug|Any CPU
		{904D9BF4-C965-4382-9618-8E094B660C88}.Debug|iPhone.Build.0 = Debug|Any CPU
		{904D9BF4-C965-4382-9618-8E094B660C88}.Debug|iPhone.Deploy.0 = Debug|Any CPU
		{904D9BF4-C965-4382-9618-8E094B660C88}.Debug|iPhoneSimulator.ActiveCfg = Debug|Any CPU
		{904D9BF4-C965-4382-9618-8E094B660C88}.Debug|iPhoneSimulator.Build.0 = Debug|Any CPU
		{904D9BF4-C965-4382-9618-8E094B660C88}.Debug|iPhoneSimulator.Deploy.0 = Debug|Any CPU
		{904D9BF4-C965-4382-9618-8E094B660C88}.Release|Any CPU.ActiveCfg = Release|Any CPU
		{904D9BF4-C965-4382-9618-8E094B660C88}.Release|Any CPU.Build.0 = Release|Any CPU
		{904D9BF4-C965-4382-9618-8E094B660C88}.Release|Any CPU.Deploy.0 = Release|Any CPU
		{904D9BF4-C965-4382-9618-8E094B660C88}.Release|iPhone.ActiveCfg = Release|Any CPU
		{904D9BF4-C965-4382-9618-8E094B660C88}.Release|iPhone.Build.0 = Release|Any CPU
		{904D9BF4-C965-4382-9618-8E094B660C88}.Release|iPhone.Deploy.0 = Release|Any CPU
		{904D9BF4-C965-4382-9618-8E094B660C88}.Release|iPhoneSimulator.ActiveCfg = Release|Any CPU
		{904D9BF4-C965-4382-9618-8E094B660C88}.Release|iPhoneSimulator.Build.0 = Release|Any CPU
		{904D9BF4-C965-4382-9618-8E094B660C88}.Release|iPhoneSimulator.Deploy.0 = Release|Any CPU
	EndGlobalSection
	GlobalSection(SolutionProperties) = preSolution
		HideSolutionNode = FALSE
	EndGlobalSection
	GlobalSection(ExtensibilityGlobals) = postSolution
		SolutionGuid = {B1EA6C5E-898B-4C71-9AB0-4B22673A8114}
	EndGlobalSection
EndGlobal
